# This file is autogenerated, do not edit; changes may be undone by the next 'dep ensure'.


[[projects]]
  digest = "1:a587a158a75d863fef57218f01caa2eb7afb910af2e1f1d9232faafae4651072"
  name = "github.com/caio/go-tdigest"
  packages = ["."]
  pruneopts = "UT"
  revision = "ee9572aabd35ae4da9821d909121b12cb7ba3416"
  version = "v2.1.0"

[[projects]]
  digest = "1:1196eb2addaa32fd68a55a8663832d2d9883bbe490413d00fe338cf2821b66fa"
  name = "github.com/yourbasic/fenwick"
  packages = ["."]
  pruneopts = "UT"
  revision = "7cb325001daae879940edf7b19da8557a51ca5f7"
  version = "1.2.0"

[solve-meta]
  analyzer-name = "dep"
  analyzer-version = 1
  input-imports = ["github.com/caio/go-tdigest"]
  solver-name = "gps-cdcl"
  solver-version = 1
